// !$*UTF8*$!
{
	archiveVersion = 1;
	classes = {
	};
	objectVersion = 77;
	objects = {

/* Begin PBXBuildFile section */
		D0DCB81B2CE3A0B3006DB8C6 /* FirebaseAnalytics in Frameworks */ = {isa = PBXBuildFile; productRef = D0DCB81A2CE3A0B3006DB8C6 /* FirebaseAnalytics */; };
		D0DCB81D2CE3A0B3006DB8C6 /* FirebaseAuth in Frameworks */ = {isa = PBXBuildFile; productRef = D0DCB81C2CE3A0B3006DB8C6 /* FirebaseAuth */; };
		D0DCB81F2CE3A0B3006DB8C6 /* FirebaseCore in Frameworks */ = {isa = PBXBuildFile; productRef = D0DCB81E2CE3A0B3006DB8C6 /* FirebaseCore */; };
		D0DCB8212CE3A0B3006DB8C6 /* FirebaseFirestore in Frameworks */ = {isa = PBXBuildFile; productRef = D0DCB8202CE3A0B3006DB8C6 /* FirebaseFirestore */; };
		D0E5CC132CE3D4B30026AE53 /* FirebaseStorage in Frameworks */ = {isa = PBXBuildFile; productRef = D0E5CC122CE3D4B30026AE53 /* FirebaseStorage */; };
		D0E5CC162CE3DF6F0026AE53 /* Cloudinary in Frameworks */ = {isa = PBXBuildFile; productRef = D0E5CC152CE3DF6F0026AE53 /* Cloudinary */; };
/* End PBXBuildFile section */

/* Begin PBXFileReference section */
		D0DCB7ED2CE39EE7006DB8C6 /* KonumUyg.app */ = {isa = PBXFileReference; explicitFileType = wrapper.application; includeInIndex = 0; path = KonumUyg.app; sourceTree = BUILT_PRODUCTS_DIR; };
/* End PBXFileReference section */

/* Begin PBXFileSystemSynchronizedBuildFileExceptionSet section */
		D0DCB8022CE39EE8006DB8C6 /* Exceptions for "KonumUyg" folder in "KonumUyg" target */ = {
			isa = PBXFileSystemSynchronizedBuildFileExceptionSet;
			membershipExceptions = (
				Info.plist,
			);
			target = D0DCB7EC2CE39EE7006DB8C6 /* KonumUyg */;
		};
/* End PBXFileSystemSynchronizedBuildFileExceptionSet section */

/* Begin PBXFileSystemSynchronizedRootGroup section */
		D0DCB7EF2CE39EE7006DB8C6 /* KonumUyg */ = {
			isa = PBXFileSystemSynchronizedRootGroup;
			exceptions = (
				D0DCB8022CE39EE8006DB8C6 /* Exceptions for "KonumUyg" folder in "KonumUyg" target */,
			);
			path = KonumUyg;
			sourceTree = "<group>";
		};
/* End PBXFileSystemSynchronizedRootGroup section */

/* Begin PBXFrameworksBuildPhase section */
		D0DCB7EA2CE39EE7006DB8C6 /* Frameworks */ = {
			isa = PBXFrameworksBuildPhase;
			buildActionMask = 2147483647;
			files = (
				D0DCB81B2CE3A0B3006DB8C6 /* FirebaseAnalytics in Frameworks */,
				D0DCB8212CE3A0B3006DB8C6 /* FirebaseFirestore in Frameworks */,
				D0E5CC162CE3DF6F0026AE53 /* Cloudinary in Frameworks */,
				D0DCB81F2CE3A0B3006DB8C6 /* FirebaseCore in Frameworks */,
				D0E5CC132CE3D4B30026AE53 /* FirebaseStorage in Frameworks */,
				D0DCB81D2CE3A0B3006DB8C6 /* FirebaseAuth in Frameworks */,
			);
			runOnlyForDeploymentPostprocessing = 0;
		};
/* End PBXFrameworksBuildPhase section */

/* Begin PBXGroup section */
		D0DCB7E42CE39EE6006DB8C6 = {
			isa = PBXGroup;
			children = (
				D0DCB7EF2CE39EE7006DB8C6 /* KonumUyg */,
				D0DCB7EE2CE39EE7006DB8C6 /* Products */,
			);
			sourceTree = "<group>";
		};
		D0DCB7EE2CE39EE7006DB8C6 /* Products */ = {
			isa = PBXGroup;
			children = (
				D0DCB7ED2CE39EE7006DB8C6 /* KonumUyg.app */,
			);
			name = Products;
			sourceTree = "<group>";
		};
/* End PBXGroup section */

/* Begin PBXNativeTarget section */
		D0DCB7EC2CE39EE7006DB8C6 /* KonumUyg */ = {
			isa = PBXNativeTarget;
			buildConfigurationList = D0DCB8032CE39EE8006DB8C6 /* Build configuration list for PBXNativeTarget "KonumUyg" */;
			buildPhases = (
				D0DCB7E92CE39EE7006DB8C6 /* Sources */,
				D0DCB7EA2CE39EE7006DB8C6 /* Frameworks */,
				D0DCB7EB2CE39EE7006DB8C6 /* Resources */,
			);
			buildRules = (
			);
			dependencies = (
			);
			fileSystemSynchronizedGroups = (
				D0DCB7EF2CE39EE7006DB8C6 /* KonumUyg */,
			);
			name = KonumUyg;
			packageProductDependencies = (
				D0DCB81A2CE3A0B3006DB8C6 /* FirebaseAnalytics */,
				D0DCB81C2CE3A0B3006DB8C6 /* FirebaseAuth */,
				D0DCB81E2CE3A0B3006DB8C6 /* FirebaseCore */,
				D0DCB8202CE3A0B3006DB8C6 /* FirebaseFirestore */,
				D0E5CC122CE3D4B30026AE53 /* FirebaseStorage */,
				D0E5CC152CE3DF6F0026AE53 /* Cloudinary */,
			);
			productName = KonumUyg;
			productReference = D0DCB7ED2CE39EE7006DB8C6 /* KonumUyg.app */;
			productType = "com.apple.product-type.application";
		};
/* End PBXNativeTarget section */

/* Begin PBXProject section */
		D0DCB7E52CE39EE6006DB8C6 /* Project object */ = {
			isa = PBXProject;
			attributes = {
				BuildIndependentTargetsInParallel = 1;
				LastSwiftUpdateCheck = 1610;
				LastUpgradeCheck = 1610;
				TargetAttributes = {
					D0DCB7EC2CE39EE7006DB8C6 = {
						CreatedOnToolsVersion = 16.1;
					};
				};
			};
			buildConfigurationList = D0DCB7E82CE39EE6006DB8C6 /* Build configuration list for PBXProject "KonumUyg" */;
			developmentRegion = en;
			hasScannedForEncodings = 0;
			knownRegions = (
				en,
				Base,
			);
			mainGroup = D0DCB7E42CE39EE6006DB8C6;
			minimizedProjectReferenceProxies = 1;
			packageReferences = (
				D0DCB8192CE3A0B3006DB8C6 /* XCRemoteSwiftPackageReference "firebase-ios-sdk" */,
				D0E5CC142CE3DF6F0026AE53 /* XCRemoteSwiftPackageReference "cloudinary_ios" */,
			);
			preferredProjectObjectVersion = 77;
			productRefGroup = D0DCB7EE2CE39EE7006DB8C6 /* Products */;
			projectDirPath = "";
			projectRoot = "";
			targets = (
				D0DCB7EC2CE39EE7006DB8C6 /* KonumUyg */,
			);
		};
/* End PBXProject section */

/* Begin PBXResourcesBuildPhase section */
		D0DCB7EB2CE39EE7006DB8C6 /* Resources */ = {
			isa = PBXResourcesBuildPhase;
			buildActionMask = 2147483647;
			files = (
			);
			runOnlyForDeploymentPostprocessing = 0;
		};
/* End PBXResourcesBuildPhase section */

/* Begin PBXSourcesBuildPhase section */
		D0DCB7E92CE39EE7006DB8C6 /* Sources */ = {
			isa = PBXSourcesBuildPhase;
			buildActionMask = 2147483647;
			files = (
			);
			runOnlyForDeploymentPostprocessing = 0;
		};
/* End PBXSourcesBuildPhase section */

/* Begin XCBuildConfiguration section */
		D0DCB8042CE39EE8006DB8C6 /* Debug */ = {
			isa = XCBuildConfiguration;
			buildSettings = {
				ASSETCATALOG_COMPILER_APPICON_NAME = AppIcon;
				ASSETCATALOG_COMPILER_GLOBAL_ACCENT_COLOR_NAME = AccentColor;
				CODE_SIGN_STYLE = Automatic;
				CURRENT_PROJECT_VERSION = 1;
				DEVELOPMENT_TEAM = Q7QVVH4VH2;
				GENERATE_INFOPLIST_FILE = YES;
				INFOPLIST_FILE = KonumUyg/Info.plist;
				INFOPLIST_KEY_UIApplicationSupportsIndirectInputEvents = YES;
				INFOPLIST_KEY_UILaunchStoryboardName = LaunchScreen;
				INFOPLIST_KEY_UIMainStoryboardFile = Main;
				INFOPLIST_KEY_UISupportedInterfaceOrientations_iPad = "UIInterfaceOrientationPortrait UIInterfaceOrientationPortraitUpsideDown UIInterfaceOrientationLandscapeLeft UIInterfaceOrientationLandscapeRight";
				INFOPLIST_KEY_UISupportedInterfaceOrientations_iPhone = "UIInterfaceOrientationPortrait UIInterfaceOrientationLandscapeLeft UIInterfaceOrientationLandscapeRight";
				LD_RUNPATH_SEARCH_PATHS = (
					"$(inherited)",
					"@executable_path/Frameworks",
				);
				MARKETING_VERSION = 1.0;
				PRODUCT_BUNDLE_IDENTIFIER = io.reel.KonumUyg;
				PRODUCT_NAME = "$(TARGET_NAME)";
				SWIFT_EMIT_LOC_STRINGS = YES;
				SWIFT_VERSION = 5.0;
				TARGETED_DEVICE_FAMILY = "1,2";
			};
			name = Debug;
		};
		D0DCB8052CE39EE8006DB8C6 /* Release */ = {
			isa = XCBuildConfiguration;
			buildSettings = {
				ASSETCATALOG_COMPILER_APPICON_NAME = AppIcon;
				ASSETCATALOG_COMPILER_GLOBAL_ACCENT_COLOR_NAME = AccentColor;
				CODE_SIGN_STYLE = Automatic;
				CURRENT_PROJECT_VERSION = 1;
				DEVELOPMENT_TEAM = Q7QVVH4VH2;
				GENERATE_INFOPLIST_FILE = YES;
				INFOPLIST_FILE = KonumUyg/Info.plist;
				INFOPLIST_KEY_UIApplicationSupportsIndirectInputEvents = YES;
				INFOPLIST_KEY_UILaunchStoryboardName = LaunchScreen;
				INFOPLIST_KEY_UIMainStoryboardFile = Main;
				INFOPLIST_KEY_UISupportedInterfaceOrientations_iPad = "UIInterfaceOrientationPortrait UIInterfaceOrientationPortraitUpsideDown UIInterfaceOrientationLandscapeLeft UIInterfaceOrientationLandscapeRight";
				INFOPLIST_KEY_UISupportedInterfaceOrientations_iPhone = "UIInterfaceOrientationPortrait UIInterfaceOrientationLandscapeLeft UIInterfaceOrientationLandscapeRight";
				LD_RUNPATH_SEARCH_PATHS = (
					"$(inherited)",
					"@executable_path/Frameworks",
				);
				MARKETING_VERSION = 1.0;
				PRODUCT_BUNDLE_IDENTIFIER = io.reel.KonumUyg;
				PRODUCT_NAME = "$(TARGET_NAME)";
				SWIFT_EMIT_LOC_STRINGS = YES;
				SWIFT_VERSION = 5.0;
				TARGETED_DEVICE_FAMILY = "1,2";
			};
			name = Release;
		};
		D0DCB8062CE39EE8006DB8C6 /* Debug */ = {
			isa = XCBuildConfiguration;
			buildSettings = {
				ALWAYS_SEARCH_USER_PATHS = NO;
				ASSETCATALOG_COMPILER_GENERATE_SWIFT_ASSET_SYMBOL_EXTENSIONS = YES;
				CLANG_ANALYZER_NONNULL = YES;
				CLANG_ANALYZER_NUMBER_OBJECT_CONVERSION = YES_AGGRESSIVE;
				CLANG_CXX_LANGUAGE_STANDARD = "gnu++20";
				CLANG_ENABLE_MODULES = YES;
				CLANG_ENABLE_OBJC_ARC = YES;
				CLANG_ENABLE_OBJC_WEAK = YES;
				CLANG_WARN_BLOCK_CAPTURE_AUTORELEASING = YES;
				CLANG_WARN_BOOL_CONVERSION = YES;
				CLANG_WARN_COMMA = YES;
				CLANG_WARN_CONSTANT_CONVERSION = YES;
				CLANG_WARN_DEPRECATED_OBJC_IMPLEMENTATIONS = YES;
				CLANG_WARN_DIRECT_OBJC_ISA_USAGE = YES_ERROR;
				CLANG_WARN_DOCUMENTATION_COMMENTS = YES;
				CLANG_WARN_EMPTY_BODY = YES;
				CLANG_WARN_ENUM_CONVERSION = YES;
				CLANG_WARN_INFINITE_RECURSION = YES;
				CLANG_WARN_INT_CONVERSION = YES;
				CLANG_WARN_NON_LITERAL_NULL_CONVERSION = YES;
				CLANG_WARN_OBJC_IMPLICIT_RETAIN_SELF = YES;
				CLANG_WARN_OBJC_LITERAL_CONVERSION = YES;
				CLANG_WARN_OBJC_ROOT_CLASS = YES_ERROR;
				CLANG_WARN_QUOTED_INCLUDE_IN_FRAMEWORK_HEADER = YES;
				CLANG_WARN_RANGE_LOOP_ANALYSIS = YES;
				CLANG_WARN_STRICT_PROTOTYPES = YES;
				CLANG_WARN_SUSPICIOUS_MOVE = YES;
				CLANG_WARN_UNGUARDED_AVAILABILITY = YES_AGGRESSIVE;
				CLANG_WARN_UNREACHABLE_CODE = YES;
				CLANG_WARN__DUPLICATE_METHOD_MATCH = YES;
				COPY_PHASE_STRIP = NO;
				DEBUG_INFORMATION_FORMAT = dwarf;
				ENABLE_STRICT_OBJC_MSGSEND = YES;
				ENABLE_TESTABILITY = YES;
				ENABLE_USER_SCRIPT_SANDBOXING = YES;
				GCC_C_LANGUAGE_STANDARD = gnu17;
				GCC_DYNAMIC_NO_PIC = NO;
				GCC_NO_COMMON_BLOCKS = YES;
				GCC_OPTIMIZATION_LEVEL = 0;
				GCC_PREPROCESSOR_DEFINITIONS = (
					"DEBUG=1",
					"$(inherited)",
				);
				GCC_WARN_64_TO_32_BIT_CONVERSION = YES;
				GCC_WARN_ABOUT_RETURN_TYPE = YES_ERROR;
				GCC_WARN_UNDECLARED_SELECTOR = YES;
				GCC_WARN_UNINITIALIZED_AUTOS = YES_AGGRESSIVE;
				GCC_WARN_UNUSED_FUNCTION = YES;
				GCC_WARN_UNUSED_VARIABLE = YES;
				IPHONEOS_DEPLOYMENT_TARGET = 18.1;
				LOCALIZATION_PREFERS_STRING_CATALOGS = YES;
				MTL_ENABLE_DEBUG_INFO = INCLUDE_SOURCE;
				MTL_FAST_MATH = YES;
				ONLY_ACTIVE_ARCH = YES;
				SDKROOT = iphoneos;
				SWIFT_ACTIVE_COMPILATION_CONDITIONS = "DEBUG $(inherited)";
				SWIFT_OPTIMIZATION_LEVEL = "-Onone";
			};
			name = Debug;
		};
		D0DCB8072CE39EE8006DB8C6 /* Release */ = {
			isa = XCBuildConfiguration;
			buildSettings = {
				ALWAYS_SEARCH_USER_PATHS = NO;
				ASSETCATALOG_COMPILER_GENERATE_SWIFT_ASSET_SYMBOL_EXTENSIONS = YES;
				CLANG_ANALYZER_NONNULL = YES;
				CLANG_ANALYZER_NUMBER_OBJECT_CONVERSION = YES_AGGRESSIVE;
				CLANG_CXX_LANGUAGE_STANDARD = "gnu++20";
				CLANG_ENABLE_MODULES = YES;
				CLANG_ENABLE_OBJC_ARC = YES;
				CLANG_ENABLE_OBJC_WEAK = YES;
				CLANG_WARN_BLOCK_CAPTURE_AUTORELEASING = YES;
				CLANG_WARN_BOOL_CONVERSION = YES;
				CLANG_WARN_COMMA = YES;
				CLANG_WARN_CONSTANT_CONVERSION = YES;
				CLANG_WARN_DEPRECATED_OBJC_IMPLEMENTATIONS = YES;
				CLANG_WARN_DIRECT_OBJC_ISA_USAGE = YES_ERROR;
				CLANG_WARN_DOCUMENTATION_COMMENTS = YES;
				CLANG_WARN_EMPTY_BODY = YES;
				CLANG_WARN_ENUM_CONVERSION = YES;
				CLANG_WARN_INFINITE_RECURSION = YES;
				CLANG_WARN_INT_CONVERSION = YES;
				CLANG_WARN_NON_LITERAL_NULL_CONVERSION = YES;
				CLANG_WARN_OBJC_IMPLICIT_RETAIN_SELF = YES;
				CLANG_WARN_OBJC_LITERAL_CONVERSION = YES;
				CLANG_WARN_OBJC_ROOT_CLASS = YES_ERROR;
				CLANG_WARN_QUOTED_INCLUDE_IN_FRAMEWORK_HEADER = YES;
				CLANG_WARN_RANGE_LOOP_ANALYSIS = YES;
				CLANG_WARN_STRICT_PROTOTYPES = YES;
				CLANG_WARN_SUSPICIOUS_MOVE = YES;
				CLANG_WARN_UNGUARDED_AVAILABILITY = YES_AGGRESSIVE;
				CLANG_WARN_UNREACHABLE_CODE = YES;
				CLANG_WARN__DUPLICATE_METHOD_MATCH = YES;
				COPY_PHASE_STRIP = NO;
				DEBUG_INFORMATION_FORMAT = "dwarf-with-dsym";
				ENABLE_NS_ASSERTIONS = NO;
				ENABLE_STRICT_OBJC_MSGSEND = YES;
				ENABLE_USER_SCRIPT_SANDBOXING = YES;
				GCC_C_LANGUAGE_STANDARD = gnu17;
				GCC_NO_COMMON_BLOCKS = YES;
				GCC_WARN_64_TO_32_BIT_CONVERSION = YES;
				GCC_WARN_ABOUT_RETURN_TYPE = YES_ERROR;
				GCC_WARN_UNDECLARED_SELECTOR = YES;
				GCC_WARN_UNINITIALIZED_AUTOS = YES_AGGRESSIVE;
				GCC_WARN_UNUSED_FUNCTION = YES;
				GCC_WARN_UNUSED_VARIABLE = YES;
				IPHONEOS_DEPLOYMENT_TARGET = 18.1;
				LOCALIZATION_PREFERS_STRING_CATALOGS = YES;
				MTL_ENABLE_DEBUG_INFO = NO;
				MTL_FAST_MATH = YES;
				SDKROOT = iphoneos;
				SWIFT_COMPILATION_MODE = wholemodule;
				VALIDATE_PRODUCT = YES;
			};
			name = Release;
		};
/* End XCBuildConfiguration section */

/* Begin XCConfigurationList section */
		D0DCB7E82CE39EE6006DB8C6 /* Build configuration list for PBXProject "KonumUyg" */ = {
			isa = XCConfigurationList;
			buildConfigurations = (
				D0DCB8062CE39EE8006DB8C6 /* Debug */,
				D0DCB8072CE39EE8006DB8C6 /* Release */,
			);
			defaultConfigurationIsVisible = 0;
			defaultConfigurationName = Release;
		};
		D0DCB8032CE39EE8006DB8C6 /* Build configuration list for PBXNativeTarget "KonumUyg" */ = {
			isa = XCConfigurationList;
			buildConfigurations = (
				D0DCB8042CE39EE8006DB8C6 /* Debug */,
				D0DCB8052CE39EE8006DB8C6 /* Release */,
			);
			defaultConfigurationIsVisible = 0;
			defaultConfigurationName = Release;
		};
/* End XCConfigurationList section */

/* Begin XCRemoteSwiftPackageReference section */
		D0DCB8192CE3A0B3006DB8C6 /* XCRemoteSwiftPackageReference "firebase-ios-sdk" */ = {
			isa = XCRemoteSwiftPackageReference;
			repositoryURL = "https://github.com/firebase/firebase-ios-sdk";
			requirement = {
				kind = upToNextMajorVersion;
				minimumVersion = 11.4.0;
			};
		};
		D0E5CC142CE3DF6F0026AE53 /* XCRemoteSwiftPackageReference "cloudinary_ios" */ = {
			isa = XCRemoteSwiftPackageReference;
			repositoryURL = "https://github.com/cloudinary/cloudinary_ios.git";
			requirement = {
				kind = upToNextMajorVersion;
				minimumVersion = 5.1.0;
			};
		};
/* End XCRemoteSwiftPackageReference section */

/* Begin XCSwiftPackageProductDependency section */
		D0DCB81A2CE3A0B3006DB8C6 /* FirebaseAnalytics */ = {
			isa = XCSwiftPackageProductDependency;
			package = D0DCB8192CE3A0B3006DB8C6 /* XCRemoteSwiftPackageReference "firebase-ios-sdk" */;
			productName = FirebaseAnalytics;
		};
		D0DCB81C2CE3A0B3006DB8C6 /* FirebaseAuth */ = {
			isa = XCSwiftPackageProductDependency;
			package = D0DCB8192CE3A0B3006DB8C6 /* XCRemoteSwiftPackageReference "firebase-ios-sdk" */;
			productName = FirebaseAuth;
		};
		D0DCB81E2CE3A0B3006DB8C6 /* FirebaseCore */ = {
			isa = XCSwiftPackageProductDependency;
			package = D0DCB8192CE3A0B3006DB8C6 /* XCRemoteSwiftPackageReference "firebase-ios-sdk" */;
			productName = FirebaseCore;
		};
		D0DCB8202CE3A0B3006DB8C6 /* FirebaseFirestore */ = {
			isa = XCSwiftPackageProductDependency;
			package = D0DCB8192CE3A0B3006DB8C6 /* XCRemoteSwiftPackageReference "firebase-ios-sdk" */;
			productName = FirebaseFirestore;
		};
		D0E5CC122CE3D4B30026AE53 /* FirebaseStorage */ = {
			isa = XCSwiftPackageProductDependency;
			package = D0DCB8192CE3A0B3006DB8C6 /* XCRemoteSwiftPackageReference "firebase-ios-sdk" */;
			productName = FirebaseStorage;
		};
		D0E5CC152CE3DF6F0026AE53 /* Cloudinary */ = {
			isa = XCSwiftPackageProductDependency;
			package = D0E5CC142CE3DF6F0026AE53 /* XCRemoteSwiftPackageReference "cloudinary_ios" */;
			productName = Cloudinary;
		};
/* End XCSwiftPackageProductDependency section */
	};
	rootObject = D0DCB7E52CE39EE6006DB8C6 /* Project object */;
}
